github.com/a-h/templ v0.2.707 h1:T1Gkd2ugbRglZ9rYw/VBchWOSZVKmetDbBkm4YubM7U=
github.com/a-h/templ v0.2.707/go.mod h1:5cqsugkq9IerRNucNsI4DEamdHPsoGMQy99DzydLhM8=
github.com/ekzyis/snappy v0.4.2 h1:5Tw13OIm+w4jTmO3O4c7HzyoiAhbxKl1WzqSoi6x8GQ=
github.com/ekzyis/snappy v0.4.2/go.mod h1:BxJwdGlCwUw0Q5pQzBr59weAIS6pkVdivBBaZkkWTSo=
github.com/ekzyis/snappy v0.4.3-0.20240602063639-f18721853255 h1:3wTBDjHMmeskbCXmedyvDS7i1ZBZj0G8ZH/EJiKOgZA=
github.com/ekzyis/snappy v0.4.3-0.20240602063639-f18721853255/go.mod h1:BxJwdGlCwUw0Q5pQzBr59weAIS6pkVdivBBaZkkWTSo=
